
Microsoft Visual Studio Solution File, Format Version 12.00
# Visual Studio Version 16
VisualStudioVersion = 16.0.30309.148
MinimumVisualStudioVersion = 10.0.40219.1
Project("{FAE04EC0-301F-11D3-BF4B-00C04F79EFBC}") = "Pepsi.Api", "Pepsi.Api\Pepsi.Api.csproj", "{363DD15A-1BEF-46FC-9782-EAB7E69C1ACB}"
EndProject
Global
	GlobalSection(SolutionConfigurationPlatforms) = preSolution
		Debug|Any CPU = Debug|Any CPU
		Release|Any CPU = Release|Any CPU
	EndGlobalSection
	GlobalSection(ProjectConfigurationPlatforms) = postSolution
		{363DD15A-1BEF-46FC-9782-EAB7E69C1ACB}.Debug|Any CPU.ActiveCfg = Debug|Any CPU
		{363DD15A-1BEF-46FC-9782-EAB7E69C1ACB}.Debug|Any CPU.Build.0 = Debug|Any CPU
		{363DD15A-1BEF-46FC-9782-EAB7E69C1ACB}.Release|Any CPU.ActiveCfg = Release|Any CPU
		{363DD15A-1BEF-46FC-9782-EAB7E69C1ACB}.Release|Any CPU.Build.0 = Release|Any CPU
	EndGlobalSection
	GlobalSection(SolutionProperties) = preSolution
		HideSolutionNode = FALSE
	EndGlobalSection
	GlobalSection(ExtensibilityGlobals) = postSolution
		SolutionGuid = {D88FAEB8-0545-4ABF-BCF6-5F2FBD3E3C1D}
	EndGlobalSection
EndGlobal
